
Microsoft Visual Studio Solution File, Format Version 12.00
# Visual Studio Version 16
VisualStudioVersion = 16.0.30717.126
MinimumVisualStudioVersion = 10.0.40219.1
Project("{9A19103F-16F7-4668-BE54-9A1E7A4F7556}") = "Authentication", "Authentication\Authentication.csproj", "{D0695135-8D52-4818-A7C2-D5E7F514ADAA}"
EndProject
Project("{9A19103F-16F7-4668-BE54-9A1E7A4F7556}") = "Laundromat.Gateway.API", "Laundromat.Gateway.API\Laundromat.Gateway.API.csproj", "{79DBD8B5-2E3A-4355-8C8E-70DA5095F9C8}"
EndProject
Project("{9A19103F-16F7-4668-BE54-9A1E7A4F7556}") = "Laundromat.SharedKernel.Core", "Laundromat.SharedKernel.Core\Laundromat.SharedKernel.Core.csproj", "{7AB07C8E-E85B-4D57-80C4-388DBE3A2DA7}"
EndProject
Project("{9A19103F-16F7-4668-BE54-9A1E7A4F7556}") = "Laundromat.MainProfile.API", "Laundrymat.MainProfile.API\Laundromat.MainProfile.API.csproj", "{1B8B4C27-3DC7-4DCB-AF24-973482FDF418}"
EndProject
Project("{9A19103F-16F7-4668-BE54-9A1E7A4F7556}") = "Laundromat.Notification.ConsoleApp", "Laundromat.Notification.Console\Laundromat.Notification.ConsoleApp.csproj", "{46D3EF14-64AD-4ACF-8B47-1534A08096BB}"
EndProject
Project("{2150E333-8FDC-42A3-9474-1A3956D46DE8}") = "Solution Items", "Solution Items", "{01D8AC43-C575-4413-8546-B785821DB3D5}"
	ProjectSection(SolutionItems) = preProject
		docker-compose.yml = docker-compose.yml
	EndProjectSection
EndProject
Global
	GlobalSection(SolutionConfigurationPlatforms) = preSolution
		Debug|Any CPU = Debug|Any CPU
		Release|Any CPU = Release|Any CPU
	EndGlobalSection
	GlobalSection(ProjectConfigurationPlatforms) = postSolution
		{D0695135-8D52-4818-A7C2-D5E7F514ADAA}.Debug|Any CPU.ActiveCfg = Debug|Any CPU
		{D0695135-8D52-4818-A7C2-D5E7F514ADAA}.Debug|Any CPU.Build.0 = Debug|Any CPU
		{D0695135-8D52-4818-A7C2-D5E7F514ADAA}.Release|Any CPU.ActiveCfg = Release|Any CPU
		{D0695135-8D52-4818-A7C2-D5E7F514ADAA}.Release|Any CPU.Build.0 = Release|Any CPU
		{79DBD8B5-2E3A-4355-8C8E-70DA5095F9C8}.Debug|Any CPU.ActiveCfg = Debug|Any CPU
		{79DBD8B5-2E3A-4355-8C8E-70DA5095F9C8}.Debug|Any CPU.Build.0 = Debug|Any CPU
		{79DBD8B5-2E3A-4355-8C8E-70DA5095F9C8}.Release|Any CPU.ActiveCfg = Release|Any CPU
		{79DBD8B5-2E3A-4355-8C8E-70DA5095F9C8}.Release|Any CPU.Build.0 = Release|Any CPU
		{7AB07C8E-E85B-4D57-80C4-388DBE3A2DA7}.Debug|Any CPU.ActiveCfg = Debug|Any CPU
		{7AB07C8E-E85B-4D57-80C4-388DBE3A2DA7}.Debug|Any CPU.Build.0 = Debug|Any CPU
		{7AB07C8E-E85B-4D57-80C4-388DBE3A2DA7}.Release|Any CPU.ActiveCfg = Release|Any CPU
		{7AB07C8E-E85B-4D57-80C4-388DBE3A2DA7}.Release|Any CPU.Build.0 = Release|Any CPU
		{1B8B4C27-3DC7-4DCB-AF24-973482FDF418}.Debug|Any CPU.ActiveCfg = Debug|Any CPU
		{1B8B4C27-3DC7-4DCB-AF24-973482FDF418}.Debug|Any CPU.Build.0 = Debug|Any CPU
		{1B8B4C27-3DC7-4DCB-AF24-973482FDF418}.Release|Any CPU.ActiveCfg = Release|Any CPU
		{1B8B4C27-3DC7-4DCB-AF24-973482FDF418}.Release|Any CPU.Build.0 = Release|Any CPU
		{46D3EF14-64AD-4ACF-8B47-1534A08096BB}.Debug|Any CPU.ActiveCfg = Debug|Any CPU
		{46D3EF14-64AD-4ACF-8B47-1534A08096BB}.Debug|Any CPU.Build.0 = Debug|Any CPU
		{46D3EF14-64AD-4ACF-8B47-1534A08096BB}.Release|Any CPU.ActiveCfg = Release|Any CPU
		{46D3EF14-64AD-4ACF-8B47-1534A08096BB}.Release|Any CPU.Build.0 = Release|Any CPU
	EndGlobalSection
	GlobalSection(SolutionProperties) = preSolution
		HideSolutionNode = FALSE
	EndGlobalSection
	GlobalSection(ExtensibilityGlobals) = postSolution
		SolutionGuid = {80110EDC-42F9-4B68-BE23-AE7D6D2FC2D7}
	EndGlobalSection
EndGlobal
